
Microsoft Visual Studio Solution File, Format Version 12.00
# Visual Studio Version 17
VisualStudioVersion = 17.4.33122.133
MinimumVisualStudioVersion = 10.0.40219.1
Project("{FAE04EC0-301F-11D3-BF4B-00C04F79EFBC}") = "yaxsi elyire,m", "yaxsi elyire,m\yaxsi elyire,m.csproj", "{C1EBEB3E-98E6-4D69-92E4-5DE207FDFDE6}"
EndProject
Global
	GlobalSection(SolutionConfigurationPlatforms) = preSolution
		Debug|Any CPU = Debug|Any CPU
		Release|Any CPU = Release|Any CPU
	EndGlobalSection
	GlobalSection(ProjectConfigurationPlatforms) = postSolution
		{C1EBEB3E-98E6-4D69-92E4-5DE207FDFDE6}.Debug|Any CPU.ActiveCfg = Debug|Any CPU
		{C1EBEB3E-98E6-4D69-92E4-5DE207FDFDE6}.Debug|Any CPU.Build.0 = Debug|Any CPU
		{C1EBEB3E-98E6-4D69-92E4-5DE207FDFDE6}.Release|Any CPU.ActiveCfg = Release|Any CPU
		{C1EBEB3E-98E6-4D69-92E4-5DE207FDFDE6}.Release|Any CPU.Build.0 = Release|Any CPU
	EndGlobalSection
	GlobalSection(SolutionProperties) = preSolution
		HideSolutionNode = FALSE
	EndGlobalSection
	GlobalSection(ExtensibilityGlobals) = postSolution
		SolutionGuid = {51FCECDD-6F09-4A9C-8BC9-4300923BC5AC}
	EndGlobalSection
EndGlobal
